
Microsoft Visual Studio Solution File, Format Version 12.00
# Visual Studio 14
VisualStudioVersion = 14.0.24720.0
MinimumVisualStudioVersion = 10.0.40219.1
Project("{FAE04EC0-301F-11D3-BF4B-00C04F79EFBC}") = "XamarinFormsOIDCSample.Client.Droid", "XamarinFormsOIDCSample.Client\XamarinFormsOIDCSample.Client.Droid\XamarinFormsOIDCSample.Client.Droid.csproj", "{93BF7932-6C92-4A79-AED0-439CD1E73FD9}"
EndProject
Project("{FAE04EC0-301F-11D3-BF4B-00C04F79EFBC}") = "XamarinFormsOIDCSample.Client.iOS", "XamarinFormsOIDCSample.Client\XamarinFormsOIDCSample.Client.iOS\XamarinFormsOIDCSample.Client.iOS.csproj", "{82423A41-1A4B-4D95-A77A-6C236752170E}"
EndProject
Project("{FAE04EC0-301F-11D3-BF4B-00C04F79EFBC}") = "XamarinFormsOIDCSample.Client.WinPhone", "XamarinFormsOIDCSample.Client\XamarinFormsOIDCSample.Client.WinPhone\XamarinFormsOIDCSample.Client.WinPhone.csproj", "{BEE76A7B-A2CE-4954-A2EC-8D9B428DC932}"
EndProject
Project("{FAE04EC0-301F-11D3-BF4B-00C04F79EFBC}") = "XamarinFormsOIDCSample.Client", "XamarinFormsOIDCSample.Client\XamarinFormsOIDCSample.Client\XamarinFormsOIDCSample.Client.csproj", "{FD2BA6DB-C83C-43BB-BB66-F8050B5C8CBB}"
EndProject
Project("{2150E333-8FDC-42A3-9474-1A3956D46DE8}") = "Client", "Client", "{E638CA4D-1BFF-4EF4-A2B3-D5D9E57F5C37}"
EndProject
Project("{2150E333-8FDC-42A3-9474-1A3956D46DE8}") = "Server", "Server", "{D617BE4F-88B1-454A-9E30-FF7476659206}"
EndProject
Project("{FAE04EC0-301F-11D3-BF4B-00C04F79EFBC}") = "XamarinFormsOIDCSample.API", "XamarinFormsOIDCSample.API\XamarinFormsOIDCSample.API.csproj", "{7D6FF2A9-42C1-4F89-9B4E-CEA02B01E998}"
EndProject
Project("{FAE04EC0-301F-11D3-BF4B-00C04F79EFBC}") = "XamarinFormsOIDCSample.IdentityServer", "XamarinFormsOIDCSample.IdentityServer\XamarinFormsOIDCSample.IdentityServer.csproj", "{5B72D271-AC9C-48A3-AD5F-DBA6214BE8CD}"
EndProject
Global
	GlobalSection(SolutionConfigurationPlatforms) = preSolution
		Ad-Hoc|Any CPU = Ad-Hoc|Any CPU
		Ad-Hoc|ARM = Ad-Hoc|ARM
		Ad-Hoc|iPhone = Ad-Hoc|iPhone
		Ad-Hoc|iPhoneSimulator = Ad-Hoc|iPhoneSimulator
		Ad-Hoc|x86 = Ad-Hoc|x86
		AppStore|Any CPU = AppStore|Any CPU
		AppStore|ARM = AppStore|ARM
		AppStore|iPhone = AppStore|iPhone
		AppStore|iPhoneSimulator = AppStore|iPhoneSimulator
		AppStore|x86 = AppStore|x86
		Debug|Any CPU = Debug|Any CPU
		Debug|ARM = Debug|ARM
		Debug|iPhone = Debug|iPhone
		Debug|iPhoneSimulator = Debug|iPhoneSimulator
		Debug|x86 = Debug|x86
		Release|Any CPU = Release|Any CPU
		Release|ARM = Release|ARM
		Release|iPhone = Release|iPhone
		Release|iPhoneSimulator = Release|iPhoneSimulator
		Release|x86 = Release|x86
	EndGlobalSection
	GlobalSection(ProjectConfigurationPlatforms) = postSolution
		{93BF7932-6C92-4A79-AED0-439CD1E73FD9}.Ad-Hoc|Any CPU.ActiveCfg = Release|Any CPU
		{93BF7932-6C92-4A79-AED0-439CD1E73FD9}.Ad-Hoc|Any CPU.Build.0 = Release|Any CPU
		{93BF7932-6C92-4A79-AED0-439CD1E73FD9}.Ad-Hoc|Any CPU.Deploy.0 = Release|Any CPU
		{93BF7932-6C92-4A79-AED0-439CD1E73FD9}.Ad-Hoc|ARM.ActiveCfg = Release|Any CPU
		{93BF7932-6C92-4A79-AED0-439CD1E73FD9}.Ad-Hoc|ARM.Build.0 = Release|Any CPU
		{93BF7932-6C92-4A79-AED0-439CD1E73FD9}.Ad-Hoc|ARM.Deploy.0 = Release|Any CPU
		{93BF7932-6C92-4A79-AED0-439CD1E73FD9}.Ad-Hoc|iPhone.ActiveCfg = Release|Any CPU
		{93BF7932-6C92-4A79-AED0-439CD1E73FD9}.Ad-Hoc|iPhone.Build.0 = Release|Any CPU
		{93BF7932-6C92-4A79-AED0-439CD1E73FD9}.Ad-Hoc|iPhone.Deploy.0 = Release|Any CPU
		{93BF7932-6C92-4A79-AED0-439CD1E73FD9}.Ad-Hoc|iPhoneSimulator.ActiveCfg = Release|Any CPU
		{93BF7932-6C92-4A79-AED0-439CD1E73FD9}.Ad-Hoc|iPhoneSimulator.Build.0 = Release|Any CPU
		{93BF7932-6C92-4A79-AED0-439CD1E73FD9}.Ad-Hoc|iPhoneSimulator.Deploy.0 = Release|Any CPU
		{93BF7932-6C92-4A79-AED0-439CD1E73FD9}.Ad-Hoc|x86.ActiveCfg = Release|Any CPU
		{93BF7932-6C92-4A79-AED0-439CD1E73FD9}.Ad-Hoc|x86.Build.0 = Release|Any CPU
		{93BF7932-6C92-4A79-AED0-439CD1E73FD9}.Ad-Hoc|x86.Deploy.0 = Release|Any CPU
		{93BF7932-6C92-4A79-AED0-439CD1E73FD9}.AppStore|Any CPU.ActiveCfg = Release|Any CPU
		{93BF7932-6C92-4A79-AED0-439CD1E73FD9}.AppStore|Any CPU.Build.0 = Release|Any CPU
		{93BF7932-6C92-4A79-AED0-439CD1E73FD9}.AppStore|Any CPU.Deploy.0 = Release|Any CPU
		{93BF7932-6C92-4A79-AED0-439CD1E73FD9}.AppStore|ARM.ActiveCfg = Release|Any CPU
		{93BF7932-6C92-4A79-AED0-439CD1E73FD9}.AppStore|ARM.Build.0 = Release|Any CPU
		{93BF7932-6C92-4A79-AED0-439CD1E73FD9}.AppStore|ARM.Deploy.0 = Release|Any CPU
		{93BF7932-6C92-4A79-AED0-439CD1E73FD9}.AppStore|iPhone.ActiveCfg = Release|Any CPU
		{93BF7932-6C92-4A79-AED0-439CD1E73FD9}.AppStore|iPhone.Build.0 = Release|Any CPU
		{93BF7932-6C92-4A79-AED0-439CD1E73FD9}.AppStore|iPhone.Deploy.0 = Release|Any CPU
		{93BF7932-6C92-4A79-AED0-439CD1E73FD9}.AppStore|iPhoneSimulator.ActiveCfg = Release|Any CPU
		{93BF7932-6C92-4A79-AED0-439CD1E73FD9}.AppStore|iPhoneSimulator.Build.0 = Release|Any CPU
		{93BF7932-6C92-4A79-AED0-439CD1E73FD9}.AppStore|iPhoneSimulator.Deploy.0 = Release|Any CPU
		{93BF7932-6C92-4A79-AED0-439CD1E73FD9}.AppStore|x86.ActiveCfg = Release|Any CPU
		{93BF7932-6C92-4A79-AED0-439CD1E73FD9}.AppStore|x86.Build.0 = Release|Any CPU
		{93BF7932-6C92-4A79-AED0-439CD1E73FD9}.AppStore|x86.Deploy.0 = Release|Any CPU
		{93BF7932-6C92-4A79-AED0-439CD1E73FD9}.Debug|Any CPU.ActiveCfg = Debug|Any CPU
		{93BF7932-6C92-4A79-AED0-439CD1E73FD9}.Debug|Any CPU.Build.0 = Debug|Any CPU
		{93BF7932-6C92-4A79-AED0-439CD1E73FD9}.Debug|Any CPU.Deploy.0 = Debug|Any CPU
		{93BF7932-6C92-4A79-AED0-439CD1E73FD9}.Debug|ARM.ActiveCfg = Debug|Any CPU
		{93BF7932-6C92-4A79-AED0-439CD1E73FD9}.Debug|ARM.Build.0 = Debug|Any CPU
		{93BF7932-6C92-4A79-AED0-439CD1E73FD9}.Debug|ARM.Deploy.0 = Debug|Any CPU
		{93BF7932-6C92-4A79-AED0-439CD1E73FD9}.Debug|iPhone.ActiveCfg = Debug|Any CPU
		{93BF7932-6C92-4A79-AED0-439CD1E73FD9}.Debug|iPhone.Build.0 = Debug|Any CPU
		{93BF7932-6C92-4A79-AED0-439CD1E73FD9}.Debug|iPhone.Deploy.0 = Debug|Any CPU
		{93BF7932-6C92-4A79-AED0-439CD1E73FD9}.Debug|iPhoneSimulator.ActiveCfg = Debug|Any CPU
		{93BF7932-6C92-4A79-AED0-439CD1E73FD9}.Debug|iPhoneSimulator.Build.0 = Debug|Any CPU
		{93BF7932-6C92-4A79-AED0-439CD1E73FD9}.Debug|iPhoneSimulator.Deploy.0 = Debug|Any CPU
		{93BF7932-6C92-4A79-AED0-439CD1E73FD9}.Debug|x86.ActiveCfg = Debug|Any CPU
		{93BF7932-6C92-4A79-AED0-439CD1E73FD9}.Debug|x86.Build.0 = Debug|Any CPU
		{93BF7932-6C92-4A79-AED0-439CD1E73FD9}.Debug|x86.Deploy.0 = Debug|Any CPU
		{93BF7932-6C92-4A79-AED0-439CD1E73FD9}.Release|Any CPU.ActiveCfg = Release|Any CPU
		{93BF7932-6C92-4A79-AED0-439CD1E73FD9}.Release|Any CPU.Build.0 = Release|Any CPU
		{93BF7932-6C92-4A79-AED0-439CD1E73FD9}.Release|Any CPU.Deploy.0 = Release|Any CPU
		{93BF7932-6C92-4A79-AED0-439CD1E73FD9}.Release|ARM.ActiveCfg = Release|Any CPU
		{93BF7932-6C92-4A79-AED0-439CD1E73FD9}.Release|ARM.Build.0 = Release|Any CPU
		{93BF7932-6C92-4A79-AED0-439CD1E73FD9}.Release|ARM.Deploy.0 = Release|Any CPU
		{93BF7932-6C92-4A79-AED0-439CD1E73FD9}.Release|iPhone.ActiveCfg = Release|Any CPU
		{93BF7932-6C92-4A79-AED0-439CD1E73FD9}.Release|iPhone.Build.0 = Release|Any CPU
		{93BF7932-6C92-4A79-AED0-439CD1E73FD9}.Release|iPhone.Deploy.0 = Release|Any CPU
		{93BF7932-6C92-4A79-AED0-439CD1E73FD9}.Release|iPhoneSimulator.ActiveCfg = Release|Any CPU
		{93BF7932-6C92-4A79-AED0-439CD1E73FD9}.Release|iPhoneSimulator.Build.0 = Release|Any CPU
		{93BF7932-6C92-4A79-AED0-439CD1E73FD9}.Release|iPhoneSimulator.Deploy.0 = Release|Any CPU
		{93BF7932-6C92-4A79-AED0-439CD1E73FD9}.Release|x86.ActiveCfg = Release|Any CPU
		{93BF7932-6C92-4A79-AED0-439CD1E73FD9}.Release|x86.Build.0 = Release|Any CPU
		{93BF7932-6C92-4A79-AED0-439CD1E73FD9}.Release|x86.Deploy.0 = Release|Any CPU
		{82423A41-1A4B-4D95-A77A-6C236752170E}.Ad-Hoc|Any CPU.ActiveCfg = Ad-Hoc|iPhone
		{82423A41-1A4B-4D95-A77A-6C236752170E}.Ad-Hoc|ARM.ActiveCfg = Ad-Hoc|iPhone
		{82423A41-1A4B-4D95-A77A-6C236752170E}.Ad-Hoc|iPhone.ActiveCfg = Ad-Hoc|iPhone
		{82423A41-1A4B-4D95-A77A-6C236752170E}.Ad-Hoc|iPhone.Build.0 = Ad-Hoc|iPhone
		{82423A41-1A4B-4D95-A77A-6C236752170E}.Ad-Hoc|iPhoneSimulator.ActiveCfg = Ad-Hoc|iPhoneSimulator
		{82423A41-1A4B-4D95-A77A-6C236752170E}.Ad-Hoc|iPhoneSimulator.Build.0 = Ad-Hoc|iPhoneSimulator
		{82423A41-1A4B-4D95-A77A-6C236752170E}.Ad-Hoc|x86.ActiveCfg = Ad-Hoc|iPhone
		{82423A41-1A4B-4D95-A77A-6C236752170E}.AppStore|Any CPU.ActiveCfg = AppStore|iPhone
		{82423A41-1A4B-4D95-A77A-6C236752170E}.AppStore|ARM.ActiveCfg = AppStore|iPhone
		{82423A41-1A4B-4D95-A77A-6C236752170E}.AppStore|iPhone.ActiveCfg = AppStore|iPhone
		{82423A41-1A4B-4D95-A77A-6C236752170E}.AppStore|iPhone.Build.0 = AppStore|iPhone
		{82423A41-1A4B-4D95-A77A-6C236752170E}.AppStore|iPhoneSimulator.ActiveCfg = AppStore|iPhoneSimulator
		{82423A41-1A4B-4D95-A77A-6C236752170E}.AppStore|iPhoneSimulator.Build.0 = AppStore|iPhoneSimulator
		{82423A41-1A4B-4D95-A77A-6C236752170E}.AppStore|x86.ActiveCfg = AppStore|iPhone
		{82423A41-1A4B-4D95-A77A-6C236752170E}.Debug|Any CPU.ActiveCfg = Debug|iPhone
		{82423A41-1A4B-4D95-A77A-6C236752170E}.Debug|ARM.ActiveCfg = Debug|iPhone
		{82423A41-1A4B-4D95-A77A-6C236752170E}.Debug|iPhone.ActiveCfg = Debug|iPhone
		{82423A41-1A4B-4D95-A77A-6C236752170E}.Debug|iPhone.Build.0 = Debug|iPhone
		{82423A41-1A4B-4D95-A77A-6C236752170E}.Debug|iPhoneSimulator.ActiveCfg = Debug|iPhoneSimulator
		{82423A41-1A4B-4D95-A77A-6C236752170E}.Debug|iPhoneSimulator.Build.0 = Debug|iPhoneSimulator
		{82423A41-1A4B-4D95-A77A-6C236752170E}.Debug|x86.ActiveCfg = Debug|iPhone
		{82423A41-1A4B-4D95-A77A-6C236752170E}.Release|Any CPU.ActiveCfg = Release|iPhone
		{82423A41-1A4B-4D95-A77A-6C236752170E}.Release|ARM.ActiveCfg = Release|iPhone
		{82423A41-1A4B-4D95-A77A-6C236752170E}.Release|iPhone.ActiveCfg = Release|iPhone
		{82423A41-1A4B-4D95-A77A-6C236752170E}.Release|iPhone.Build.0 = Release|iPhone
		{82423A41-1A4B-4D95-A77A-6C236752170E}.Release|iPhoneSimulator.ActiveCfg = Release|iPhoneSimulator
		{82423A41-1A4B-4D95-A77A-6C236752170E}.Release|iPhoneSimulator.Build.0 = Release|iPhoneSimulator
		{82423A41-1A4B-4D95-A77A-6C236752170E}.Release|x86.ActiveCfg = Release|iPhone
		{BEE76A7B-A2CE-4954-A2EC-8D9B428DC932}.Ad-Hoc|Any CPU.ActiveCfg = Release|Any CPU
		{BEE76A7B-A2CE-4954-A2EC-8D9B428DC932}.Ad-Hoc|Any CPU.Build.0 = Release|Any CPU
		{BEE76A7B-A2CE-4954-A2EC-8D9B428DC932}.Ad-Hoc|Any CPU.Deploy.0 = Release|Any CPU
		{BEE76A7B-A2CE-4954-A2EC-8D9B428DC932}.Ad-Hoc|ARM.ActiveCfg = Release|ARM
		{BEE76A7B-A2CE-4954-A2EC-8D9B428DC932}.Ad-Hoc|ARM.Build.0 = Release|ARM
		{BEE76A7B-A2CE-4954-A2EC-8D9B428DC932}.Ad-Hoc|ARM.Deploy.0 = Release|ARM
		{BEE76A7B-A2CE-4954-A2EC-8D9B428DC932}.Ad-Hoc|iPhone.ActiveCfg = Release|Any CPU
		{BEE76A7B-A2CE-4954-A2EC-8D9B428DC932}.Ad-Hoc|iPhone.Build.0 = Release|Any CPU
		{BEE76A7B-A2CE-4954-A2EC-8D9B428DC932}.Ad-Hoc|iPhone.Deploy.0 = Release|Any CPU
		{BEE76A7B-A2CE-4954-A2EC-8D9B428DC932}.Ad-Hoc|iPhoneSimulator.ActiveCfg = Release|Any CPU
		{BEE76A7B-A2CE-4954-A2EC-8D9B428DC932}.Ad-Hoc|iPhoneSimulator.Build.0 = Release|Any CPU
		{BEE76A7B-A2CE-4954-A2EC-8D9B428DC932}.Ad-Hoc|iPhoneSimulator.Deploy.0 = Release|Any CPU
		{BEE76A7B-A2CE-4954-A2EC-8D9B428DC932}.Ad-Hoc|x86.ActiveCfg = Release|x86
		{BEE76A7B-A2CE-4954-A2EC-8D9B428DC932}.Ad-Hoc|x86.Build.0 = Release|x86
		{BEE76A7B-A2CE-4954-A2EC-8D9B428DC932}.Ad-Hoc|x86.Deploy.0 = Release|x86
		{BEE76A7B-A2CE-4954-A2EC-8D9B428DC932}.AppStore|Any CPU.ActiveCfg = Release|Any CPU
		{BEE76A7B-A2CE-4954-A2EC-8D9B428DC932}.AppStore|Any CPU.Build.0 = Release|Any CPU
		{BEE76A7B-A2CE-4954-A2EC-8D9B428DC932}.AppStore|Any CPU.Deploy.0 = Release|Any CPU
		{BEE76A7B-A2CE-4954-A2EC-8D9B428DC932}.AppStore|ARM.ActiveCfg = Release|ARM
		{BEE76A7B-A2CE-4954-A2EC-8D9B428DC932}.AppStore|ARM.Build.0 = Release|ARM
		{BEE76A7B-A2CE-4954-A2EC-8D9B428DC932}.AppStore|ARM.Deploy.0 = Release|ARM
		{BEE76A7B-A2CE-4954-A2EC-8D9B428DC932}.AppStore|iPhone.ActiveCfg = Release|Any CPU
		{BEE76A7B-A2CE-4954-A2EC-8D9B428DC932}.AppStore|iPhone.Build.0 = Release|Any CPU
		{BEE76A7B-A2CE-4954-A2EC-8D9B428DC932}.AppStore|iPhone.Deploy.0 = Release|Any CPU
		{BEE76A7B-A2CE-4954-A2EC-8D9B428DC932}.AppStore|iPhoneSimulator.ActiveCfg = Release|Any CPU
		{BEE76A7B-A2CE-4954-A2EC-8D9B428DC932}.AppStore|iPhoneSimulator.Build.0 = Release|Any CPU
		{BEE76A7B-A2CE-4954-A2EC-8D9B428DC932}.AppStore|iPhoneSimulator.Deploy.0 = Release|Any CPU
		{BEE76A7B-A2CE-4954-A2EC-8D9B428DC932}.AppStore|x86.ActiveCfg = Release|x86
		{BEE76A7B-A2CE-4954-A2EC-8D9B428DC932}.AppStore|x86.Build.0 = Release|x86
		{BEE76A7B-A2CE-4954-A2EC-8D9B428DC932}.AppStore|x86.Deploy.0 = Release|x86
		{BEE76A7B-A2CE-4954-A2EC-8D9B428DC932}.Debug|Any CPU.ActiveCfg = Debug|Any CPU
		{BEE76A7B-A2CE-4954-A2EC-8D9B428DC932}.Debug|Any CPU.Build.0 = Debug|Any CPU
		{BEE76A7B-A2CE-4954-A2EC-8D9B428DC932}.Debug|Any CPU.Deploy.0 = Debug|Any CPU
		{BEE76A7B-A2CE-4954-A2EC-8D9B428DC932}.Debug|ARM.ActiveCfg = Debug|ARM
		{BEE76A7B-A2CE-4954-A2EC-8D9B428DC932}.Debug|ARM.Build.0 = Debug|ARM
		{BEE76A7B-A2CE-4954-A2EC-8D9B428DC932}.Debug|ARM.Deploy.0 = Debug|ARM
		{BEE76A7B-A2CE-4954-A2EC-8D9B428DC932}.Debug|iPhone.ActiveCfg = Debug|Any CPU
		{BEE76A7B-A2CE-4954-A2EC-8D9B428DC932}.Debug|iPhone.Build.0 = Debug|Any CPU
		{BEE76A7B-A2CE-4954-A2EC-8D9B428DC932}.Debug|iPhone.Deploy.0 = Debug|Any CPU
		{BEE76A7B-A2CE-4954-A2EC-8D9B428DC932}.Debug|iPhoneSimulator.ActiveCfg = Debug|Any CPU
		{BEE76A7B-A2CE-4954-A2EC-8D9B428DC932}.Debug|iPhoneSimulator.Build.0 = Debug|Any CPU
		{BEE76A7B-A2CE-4954-A2EC-8D9B428DC932}.Debug|iPhoneSimulator.Deploy.0 = Debug|Any CPU
		{BEE76A7B-A2CE-4954-A2EC-8D9B428DC932}.Debug|x86.ActiveCfg = Debug|x86
		{BEE76A7B-A2CE-4954-A2EC-8D9B428DC932}.Debug|x86.Build.0 = Debug|x86
		{BEE76A7B-A2CE-4954-A2EC-8D9B428DC932}.Debug|x86.Deploy.0 = Debug|x86
		{BEE76A7B-A2CE-4954-A2EC-8D9B428DC932}.Release|Any CPU.ActiveCfg = Release|Any CPU
		{BEE76A7B-A2CE-4954-A2EC-8D9B428DC932}.Release|Any CPU.Build.0 = Release|Any CPU
		{BEE76A7B-A2CE-4954-A2EC-8D9B428DC932}.Release|Any CPU.Deploy.0 = Release|Any CPU
		{BEE76A7B-A2CE-4954-A2EC-8D9B428DC932}.Release|ARM.ActiveCfg = Release|ARM
		{BEE76A7B-A2CE-4954-A2EC-8D9B428DC932}.Release|ARM.Build.0 = Release|ARM
		{BEE76A7B-A2CE-4954-A2EC-8D9B428DC932}.Release|ARM.Deploy.0 = Release|ARM
		{BEE76A7B-A2CE-4954-A2EC-8D9B428DC932}.Release|iPhone.ActiveCfg = Release|Any CPU
		{BEE76A7B-A2CE-4954-A2EC-8D9B428DC932}.Release|iPhone.Build.0 = Release|Any CPU
		{BEE76A7B-A2CE-4954-A2EC-8D9B428DC932}.Release|iPhone.Deploy.0 = Release|Any CPU
		{BEE76A7B-A2CE-4954-A2EC-8D9B428DC932}.Release|iPhoneSimulator.ActiveCfg = Release|Any CPU
		{BEE76A7B-A2CE-4954-A2EC-8D9B428DC932}.Release|iPhoneSimulator.Build.0 = Release|Any CPU
		{BEE76A7B-A2CE-4954-A2EC-8D9B428DC932}.Release|iPhoneSimulator.Deploy.0 = Release|Any CPU
		{BEE76A7B-A2CE-4954-A2EC-8D9B428DC932}.Release|x86.ActiveCfg = Release|x86
		{BEE76A7B-A2CE-4954-A2EC-8D9B428DC932}.Release|x86.Build.0 = Release|x86
		{BEE76A7B-A2CE-4954-A2EC-8D9B428DC932}.Release|x86.Deploy.0 = Release|x86
		{FD2BA6DB-C83C-43BB-BB66-F8050B5C8CBB}.Ad-Hoc|Any CPU.ActiveCfg = Release|Any CPU
		{FD2BA6DB-C83C-43BB-BB66-F8050B5C8CBB}.Ad-Hoc|Any CPU.Build.0 = Release|Any CPU
		{FD2BA6DB-C83C-43BB-BB66-F8050B5C8CBB}.Ad-Hoc|ARM.ActiveCfg = Release|Any CPU
		{FD2BA6DB-C83C-43BB-BB66-F8050B5C8CBB}.Ad-Hoc|ARM.Build.0 = Release|Any CPU
		{FD2BA6DB-C83C-43BB-BB66-F8050B5C8CBB}.Ad-Hoc|iPhone.ActiveCfg = Release|Any CPU
		{FD2BA6DB-C83C-43BB-BB66-F8050B5C8CBB}.Ad-Hoc|iPhone.Build.0 = Release|Any CPU
		{FD2BA6DB-C83C-43BB-BB66-F8050B5C8CBB}.Ad-Hoc|iPhoneSimulator.ActiveCfg = Release|Any CPU
		{FD2BA6DB-C83C-43BB-BB66-F8050B5C8CBB}.Ad-Hoc|iPhoneSimulator.Build.0 = Release|Any CPU
		{FD2BA6DB-C83C-43BB-BB66-F8050B5C8CBB}.Ad-Hoc|x86.ActiveCfg = Release|Any CPU
		{FD2BA6DB-C83C-43BB-BB66-F8050B5C8CBB}.Ad-Hoc|x86.Build.0 = Release|Any CPU
		{FD2BA6DB-C83C-43BB-BB66-F8050B5C8CBB}.AppStore|Any CPU.ActiveCfg = Release|Any CPU
		{FD2BA6DB-C83C-43BB-BB66-F8050B5C8CBB}.AppStore|Any CPU.Build.0 = Release|Any CPU
		{FD2BA6DB-C83C-43BB-BB66-F8050B5C8CBB}.AppStore|ARM.ActiveCfg = Release|Any CPU
		{FD2BA6DB-C83C-43BB-BB66-F8050B5C8CBB}.AppStore|ARM.Build.0 = Release|Any CPU
		{FD2BA6DB-C83C-43BB-BB66-F8050B5C8CBB}.AppStore|iPhone.ActiveCfg = Release|Any CPU
		{FD2BA6DB-C83C-43BB-BB66-F8050B5C8CBB}.AppStore|iPhone.Build.0 = Release|Any CPU
		{FD2BA6DB-C83C-43BB-BB66-F8050B5C8CBB}.AppStore|iPhoneSimulator.ActiveCfg = Release|Any CPU
		{FD2BA6DB-C83C-43BB-BB66-F8050B5C8CBB}.AppStore|iPhoneSimulator.Build.0 = Release|Any CPU
		{FD2BA6DB-C83C-43BB-BB66-F8050B5C8CBB}.AppStore|x86.ActiveCfg = Release|Any CPU
		{FD2BA6DB-C83C-43BB-BB66-F8050B5C8CBB}.AppStore|x86.Build.0 = Release|Any CPU
		{FD2BA6DB-C83C-43BB-BB66-F8050B5C8CBB}.Debug|Any CPU.ActiveCfg = Debug|Any CPU
		{FD2BA6DB-C83C-43BB-BB66-F8050B5C8CBB}.Debug|Any CPU.Build.0 = Debug|Any CPU
		{FD2BA6DB-C83C-43BB-BB66-F8050B5C8CBB}.Debug|ARM.ActiveCfg = Debug|Any CPU
		{FD2BA6DB-C83C-43BB-BB66-F8050B5C8CBB}.Debug|ARM.Build.0 = Debug|Any CPU
		{FD2BA6DB-C83C-43BB-BB66-F8050B5C8CBB}.Debug|iPhone.ActiveCfg = Debug|Any CPU
		{FD2BA6DB-C83C-43BB-BB66-F8050B5C8CBB}.Debug|iPhone.Build.0 = Debug|Any CPU
		{FD2BA6DB-C83C-43BB-BB66-F8050B5C8CBB}.Debug|iPhoneSimulator.ActiveCfg = Debug|Any CPU
		{FD2BA6DB-C83C-43BB-BB66-F8050B5C8CBB}.Debug|iPhoneSimulator.Build.0 = Debug|Any CPU
		{FD2BA6DB-C83C-43BB-BB66-F8050B5C8CBB}.Debug|x86.ActiveCfg = Debug|Any CPU
		{FD2BA6DB-C83C-43BB-BB66-F8050B5C8CBB}.Debug|x86.Build.0 = Debug|Any CPU
		{FD2BA6DB-C83C-43BB-BB66-F8050B5C8CBB}.Release|Any CPU.ActiveCfg = Release|Any CPU
		{FD2BA6DB-C83C-43BB-BB66-F8050B5C8CBB}.Release|Any CPU.Build.0 = Release|Any CPU
		{FD2BA6DB-C83C-43BB-BB66-F8050B5C8CBB}.Release|ARM.ActiveCfg = Release|Any CPU
		{FD2BA6DB-C83C-43BB-BB66-F8050B5C8CBB}.Release|ARM.Build.0 = Release|Any CPU
		{FD2BA6DB-C83C-43BB-BB66-F8050B5C8CBB}.Release|iPhone.ActiveCfg = Release|Any CPU
		{FD2BA6DB-C83C-43BB-BB66-F8050B5C8CBB}.Release|iPhone.Build.0 = Release|Any CPU
		{FD2BA6DB-C83C-43BB-BB66-F8050B5C8CBB}.Release|iPhoneSimulator.ActiveCfg = Release|Any CPU
		{FD2BA6DB-C83C-43BB-BB66-F8050B5C8CBB}.Release|iPhoneSimulator.Build.0 = Release|Any CPU
		{FD2BA6DB-C83C-43BB-BB66-F8050B5C8CBB}.Release|x86.ActiveCfg = Release|Any CPU
		{FD2BA6DB-C83C-43BB-BB66-F8050B5C8CBB}.Release|x86.Build.0 = Release|Any CPU
		{7D6FF2A9-42C1-4F89-9B4E-CEA02B01E998}.Ad-Hoc|Any CPU.ActiveCfg = Release|Any CPU
		{7D6FF2A9-42C1-4F89-9B4E-CEA02B01E998}.Ad-Hoc|Any CPU.Build.0 = Release|Any CPU
		{7D6FF2A9-42C1-4F89-9B4E-CEA02B01E998}.Ad-Hoc|ARM.ActiveCfg = Release|Any CPU
		{7D6FF2A9-42C1-4F89-9B4E-CEA02B01E998}.Ad-Hoc|ARM.Build.0 = Release|Any CPU
		{7D6FF2A9-42C1-4F89-9B4E-CEA02B01E998}.Ad-Hoc|iPhone.ActiveCfg = Release|Any CPU
		{7D6FF2A9-42C1-4F89-9B4E-CEA02B01E998}.Ad-Hoc|iPhone.Build.0 = Release|Any CPU
		{7D6FF2A9-42C1-4F89-9B4E-CEA02B01E998}.Ad-Hoc|iPhoneSimulator.ActiveCfg = Release|Any CPU
		{7D6FF2A9-42C1-4F89-9B4E-CEA02B01E998}.Ad-Hoc|iPhoneSimulator.Build.0 = Release|Any CPU
		{7D6FF2A9-42C1-4F89-9B4E-CEA02B01E998}.Ad-Hoc|x86.ActiveCfg = Release|Any CPU
		{7D6FF2A9-42C1-4F89-9B4E-CEA02B01E998}.Ad-Hoc|x86.Build.0 = Release|Any CPU
		{7D6FF2A9-42C1-4F89-9B4E-CEA02B01E998}.AppStore|Any CPU.ActiveCfg = Release|Any CPU
		{7D6FF2A9-42C1-4F89-9B4E-CEA02B01E998}.AppStore|Any CPU.Build.0 = Release|Any CPU
		{7D6FF2A9-42C1-4F89-9B4E-CEA02B01E998}.AppStore|ARM.ActiveCfg = Release|Any CPU
		{7D6FF2A9-42C1-4F89-9B4E-CEA02B01E998}.AppStore|ARM.Build.0 = Release|Any CPU
		{7D6FF2A9-42C1-4F89-9B4E-CEA02B01E998}.AppStore|iPhone.ActiveCfg = Release|Any CPU
		{7D6FF2A9-42C1-4F89-9B4E-CEA02B01E998}.AppStore|iPhone.Build.0 = Release|Any CPU
		{7D6FF2A9-42C1-4F89-9B4E-CEA02B01E998}.AppStore|iPhoneSimulator.ActiveCfg = Release|Any CPU
		{7D6FF2A9-42C1-4F89-9B4E-CEA02B01E998}.AppStore|iPhoneSimulator.Build.0 = Release|Any CPU
		{7D6FF2A9-42C1-4F89-9B4E-CEA02B01E998}.AppStore|x86.ActiveCfg = Release|Any CPU
		{7D6FF2A9-42C1-4F89-9B4E-CEA02B01E998}.AppStore|x86.Build.0 = Release|Any CPU
		{7D6FF2A9-42C1-4F89-9B4E-CEA02B01E998}.Debug|Any CPU.ActiveCfg = Debug|Any CPU
		{7D6FF2A9-42C1-4F89-9B4E-CEA02B01E998}.Debug|Any CPU.Build.0 = Debug|Any CPU
		{7D6FF2A9-42C1-4F89-9B4E-CEA02B01E998}.Debug|ARM.ActiveCfg = Debug|Any CPU
		{7D6FF2A9-42C1-4F89-9B4E-CEA02B01E998}.Debug|ARM.Build.0 = Debug|Any CPU
		{7D6FF2A9-42C1-4F89-9B4E-CEA02B01E998}.Debug|iPhone.ActiveCfg = Debug|Any CPU
		{7D6FF2A9-42C1-4F89-9B4E-CEA02B01E998}.Debug|iPhone.Build.0 = Debug|Any CPU
		{7D6FF2A9-42C1-4F89-9B4E-CEA02B01E998}.Debug|iPhoneSimulator.ActiveCfg = Debug|Any CPU
		{7D6FF2A9-42C1-4F89-9B4E-CEA02B01E998}.Debug|iPhoneSimulator.Build.0 = Debug|Any CPU
		{7D6FF2A9-42C1-4F89-9B4E-CEA02B01E998}.Debug|x86.ActiveCfg = Debug|Any CPU
		{7D6FF2A9-42C1-4F89-9B4E-CEA02B01E998}.Debug|x86.Build.0 = Debug|Any CPU
		{7D6FF2A9-42C1-4F89-9B4E-CEA02B01E998}.Release|Any CPU.ActiveCfg = Release|Any CPU
		{7D6FF2A9-42C1-4F89-9B4E-CEA02B01E998}.Release|Any CPU.Build.0 = Release|Any CPU
		{7D6FF2A9-42C1-4F89-9B4E-CEA02B01E998}.Release|ARM.ActiveCfg = Release|Any CPU
		{7D6FF2A9-42C1-4F89-9B4E-CEA02B01E998}.Release|ARM.Build.0 = Release|Any CPU
		{7D6FF2A9-42C1-4F89-9B4E-CEA02B01E998}.Release|iPhone.ActiveCfg = Release|Any CPU
		{7D6FF2A9-42C1-4F89-9B4E-CEA02B01E998}.Release|iPhone.Build.0 = Release|Any CPU
		{7D6FF2A9-42C1-4F89-9B4E-CEA02B01E998}.Release|iPhoneSimulator.ActiveCfg = Release|Any CPU
		{7D6FF2A9-42C1-4F89-9B4E-CEA02B01E998}.Release|iPhoneSimulator.Build.0 = Release|Any CPU
		{7D6FF2A9-42C1-4F89-9B4E-CEA02B01E998}.Release|x86.ActiveCfg = Release|Any CPU
		{7D6FF2A9-42C1-4F89-9B4E-CEA02B01E998}.Release|x86.Build.0 = Release|Any CPU
		{5B72D271-AC9C-48A3-AD5F-DBA6214BE8CD}.Ad-Hoc|Any CPU.ActiveCfg = Release|Any CPU
		{5B72D271-AC9C-48A3-AD5F-DBA6214BE8CD}.Ad-Hoc|Any CPU.Build.0 = Release|Any CPU
		{5B72D271-AC9C-48A3-AD5F-DBA6214BE8CD}.Ad-Hoc|ARM.ActiveCfg = Release|Any CPU
		{5B72D271-AC9C-48A3-AD5F-DBA6214BE8CD}.Ad-Hoc|ARM.Build.0 = Release|Any CPU
		{5B72D271-AC9C-48A3-AD5F-DBA6214BE8CD}.Ad-Hoc|iPhone.ActiveCfg = Release|Any CPU
		{5B72D271-AC9C-48A3-AD5F-DBA6214BE8CD}.Ad-Hoc|iPhone.Build.0 = Release|Any CPU
		{5B72D271-AC9C-48A3-AD5F-DBA6214BE8CD}.Ad-Hoc|iPhoneSimulator.ActiveCfg = Release|Any CPU
		{5B72D271-AC9C-48A3-AD5F-DBA6214BE8CD}.Ad-Hoc|iPhoneSimulator.Build.0 = Release|Any CPU
		{5B72D271-AC9C-48A3-AD5F-DBA6214BE8CD}.Ad-Hoc|x86.ActiveCfg = Release|Any CPU
		{5B72D271-AC9C-48A3-AD5F-DBA6214BE8CD}.Ad-Hoc|x86.Build.0 = Release|Any CPU
		{5B72D271-AC9C-48A3-AD5F-DBA6214BE8CD}.AppStore|Any CPU.ActiveCfg = Release|Any CPU
		{5B72D271-AC9C-48A3-AD5F-DBA6214BE8CD}.AppStore|Any CPU.Build.0 = Release|Any CPU
		{5B72D271-AC9C-48A3-AD5F-DBA6214BE8CD}.AppStore|ARM.ActiveCfg = Release|Any CPU
		{5B72D271-AC9C-48A3-AD5F-DBA6214BE8CD}.AppStore|ARM.Build.0 = Release|Any CPU
		{5B72D271-AC9C-48A3-AD5F-DBA6214BE8CD}.AppStore|iPhone.ActiveCfg = Release|Any CPU
		{5B72D271-AC9C-48A3-AD5F-DBA6214BE8CD}.AppStore|iPhone.Build.0 = Release|Any CPU
		{5B72D271-AC9C-48A3-AD5F-DBA6214BE8CD}.AppStore|iPhoneSimulator.ActiveCfg = Release|Any CPU
		{5B72D271-AC9C-48A3-AD5F-DBA6214BE8CD}.AppStore|iPhoneSimulator.Build.0 = Release|Any CPU
		{5B72D271-AC9C-48A3-AD5F-DBA6214BE8CD}.AppStore|x86.ActiveCfg = Release|Any CPU
		{5B72D271-AC9C-48A3-AD5F-DBA6214BE8CD}.AppStore|x86.Build.0 = Release|Any CPU
		{5B72D271-AC9C-48A3-AD5F-DBA6214BE8CD}.Debug|Any CPU.ActiveCfg = Debug|Any CPU
		{5B72D271-AC9C-48A3-AD5F-DBA6214BE8CD}.Debug|Any CPU.Build.0 = Debug|Any CPU
		{5B72D271-AC9C-48A3-AD5F-DBA6214BE8CD}.Debug|ARM.ActiveCfg = Debug|Any CPU
		{5B72D271-AC9C-48A3-AD5F-DBA6214BE8CD}.Debug|ARM.Build.0 = Debug|Any CPU
		{5B72D271-AC9C-48A3-AD5F-DBA6214BE8CD}.Debug|iPhone.ActiveCfg = Debug|Any CPU
		{5B72D271-AC9C-48A3-AD5F-DBA6214BE8CD}.Debug|iPhone.Build.0 = Debug|Any CPU
		{5B72D271-AC9C-48A3-AD5F-DBA6214BE8CD}.Debug|iPhoneSimulator.ActiveCfg = Debug|Any CPU
		{5B72D271-AC9C-48A3-AD5F-DBA6214BE8CD}.Debug|iPhoneSimulator.Build.0 = Debug|Any CPU
		{5B72D271-AC9C-48A3-AD5F-DBA6214BE8CD}.Debug|x86.ActiveCfg = Debug|Any CPU
		{5B72D271-AC9C-48A3-AD5F-DBA6214BE8CD}.Debug|x86.Build.0 = Debug|Any CPU
		{5B72D271-AC9C-48A3-AD5F-DBA6214BE8CD}.Release|Any CPU.ActiveCfg = Release|Any CPU
		{5B72D271-AC9C-48A3-AD5F-DBA6214BE8CD}.Release|Any CPU.Build.0 = Release|Any CPU
		{5B72D271-AC9C-48A3-AD5F-DBA6214BE8CD}.Release|ARM.ActiveCfg = Release|Any CPU
		{5B72D271-AC9C-48A3-AD5F-DBA6214BE8CD}.Release|ARM.Build.0 = Release|Any CPU
		{5B72D271-AC9C-48A3-AD5F-DBA6214BE8CD}.Release|iPhone.ActiveCfg = Release|Any CPU
		{5B72D271-AC9C-48A3-AD5F-DBA6214BE8CD}.Release|iPhone.Build.0 = Release|Any CPU
		{5B72D271-AC9C-48A3-AD5F-DBA6214BE8CD}.Release|iPhoneSimulator.ActiveCfg = Release|Any CPU
		{5B72D271-AC9C-48A3-AD5F-DBA6214BE8CD}.Release|iPhoneSimulator.Build.0 = Release|Any CPU
		{5B72D271-AC9C-48A3-AD5F-DBA6214BE8CD}.Release|x86.ActiveCfg = Release|Any CPU
		{5B72D271-AC9C-48A3-AD5F-DBA6214BE8CD}.Release|x86.Build.0 = Release|Any CPU
	EndGlobalSection
	GlobalSection(SolutionProperties) = preSolution
		HideSolutionNode = FALSE
	EndGlobalSection
	GlobalSection(NestedProjects) = preSolution
		{93BF7932-6C92-4A79-AED0-439CD1E73FD9} = {E638CA4D-1BFF-4EF4-A2B3-D5D9E57F5C37}
		{82423A41-1A4B-4D95-A77A-6C236752170E} = {E638CA4D-1BFF-4EF4-A2B3-D5D9E57F5C37}
		{BEE76A7B-A2CE-4954-A2EC-8D9B428DC932} = {E638CA4D-1BFF-4EF4-A2B3-D5D9E57F5C37}
		{FD2BA6DB-C83C-43BB-BB66-F8050B5C8CBB} = {E638CA4D-1BFF-4EF4-A2B3-D5D9E57F5C37}
		{7D6FF2A9-42C1-4F89-9B4E-CEA02B01E998} = {D617BE4F-88B1-454A-9E30-FF7476659206}
		{5B72D271-AC9C-48A3-AD5F-DBA6214BE8CD} = {D617BE4F-88B1-454A-9E30-FF7476659206}
	EndGlobalSection
EndGlobal
